
Microsoft Visual Studio Solution File, Format Version 12.00
# Visual Studio 15
VisualStudioVersion = 15.0.26124.0
MinimumVisualStudioVersion = 15.0.26124.0
Project("{FAE04EC0-301F-11D3-BF4B-00C04F79EFBC}") = "Text", "Text\Text.csproj", "{874A5853-09C2-4E89-94BA-38D9799DD20B}"
EndProject
Project("{FAE04EC0-301F-11D3-BF4B-00C04F79EFBC}") = "Text.Tests", "Text.Tests\Text.Tests.csproj", "{3DF9FA4C-1529-476B-B9E5-F058A091E293}"
EndProject
Global
	GlobalSection(SolutionConfigurationPlatforms) = preSolution
		Debug|Any CPU = Debug|Any CPU
		Debug|x64 = Debug|x64
		Debug|x86 = Debug|x86
		Release|Any CPU = Release|Any CPU
		Release|x64 = Release|x64
		Release|x86 = Release|x86
	EndGlobalSection
	GlobalSection(SolutionProperties) = preSolution
		HideSolutionNode = FALSE
	EndGlobalSection
	GlobalSection(ProjectConfigurationPlatforms) = postSolution
		{874A5853-09C2-4E89-94BA-38D9799DD20B}.Debug|Any CPU.ActiveCfg = Debug|Any CPU
		{874A5853-09C2-4E89-94BA-38D9799DD20B}.Debug|Any CPU.Build.0 = Debug|Any CPU
		{874A5853-09C2-4E89-94BA-38D9799DD20B}.Debug|x64.ActiveCfg = Debug|Any CPU
		{874A5853-09C2-4E89-94BA-38D9799DD20B}.Debug|x64.Build.0 = Debug|Any CPU
		{874A5853-09C2-4E89-94BA-38D9799DD20B}.Debug|x86.ActiveCfg = Debug|Any CPU
		{874A5853-09C2-4E89-94BA-38D9799DD20B}.Debug|x86.Build.0 = Debug|Any CPU
		{874A5853-09C2-4E89-94BA-38D9799DD20B}.Release|Any CPU.ActiveCfg = Release|Any CPU
		{874A5853-09C2-4E89-94BA-38D9799DD20B}.Release|Any CPU.Build.0 = Release|Any CPU
		{874A5853-09C2-4E89-94BA-38D9799DD20B}.Release|x64.ActiveCfg = Release|Any CPU
		{874A5853-09C2-4E89-94BA-38D9799DD20B}.Release|x64.Build.0 = Release|Any CPU
		{874A5853-09C2-4E89-94BA-38D9799DD20B}.Release|x86.ActiveCfg = Release|Any CPU
		{874A5853-09C2-4E89-94BA-38D9799DD20B}.Release|x86.Build.0 = Release|Any CPU
		{3DF9FA4C-1529-476B-B9E5-F058A091E293}.Debug|Any CPU.ActiveCfg = Debug|Any CPU
		{3DF9FA4C-1529-476B-B9E5-F058A091E293}.Debug|Any CPU.Build.0 = Debug|Any CPU
		{3DF9FA4C-1529-476B-B9E5-F058A091E293}.Debug|x64.ActiveCfg = Debug|Any CPU
		{3DF9FA4C-1529-476B-B9E5-F058A091E293}.Debug|x64.Build.0 = Debug|Any CPU
		{3DF9FA4C-1529-476B-B9E5-F058A091E293}.Debug|x86.ActiveCfg = Debug|Any CPU
		{3DF9FA4C-1529-476B-B9E5-F058A091E293}.Debug|x86.Build.0 = Debug|Any CPU
		{3DF9FA4C-1529-476B-B9E5-F058A091E293}.Release|Any CPU.ActiveCfg = Release|Any CPU
		{3DF9FA4C-1529-476B-B9E5-F058A091E293}.Release|Any CPU.Build.0 = Release|Any CPU
		{3DF9FA4C-1529-476B-B9E5-F058A091E293}.Release|x64.ActiveCfg = Release|Any CPU
		{3DF9FA4C-1529-476B-B9E5-F058A091E293}.Release|x64.Build.0 = Release|Any CPU
		{3DF9FA4C-1529-476B-B9E5-F058A091E293}.Release|x86.ActiveCfg = Release|Any CPU
		{3DF9FA4C-1529-476B-B9E5-F058A091E293}.Release|x86.Build.0 = Release|Any CPU
	EndGlobalSection
EndGlobal
