
Microsoft Visual Studio Solution File, Format Version 12.00
# Visual Studio 15
VisualStudioVersion = 15.0.26124.0
MinimumVisualStudioVersion = 15.0.26124.0
Project("{FAE04EC0-301F-11D3-BF4B-00C04F79EFBC}") = "MyMath", "MyMath\MyMath.csproj", "{A3733D0F-9AC9-4E05-9F4E-8299DE176DAA}"
EndProject
Project("{FAE04EC0-301F-11D3-BF4B-00C04F79EFBC}") = "MyMath.Tests", "MyMath.Tests\MyMath.Tests.csproj", "{5311CC63-6290-4864-9DAA-E1C0C96F6DFB}"
EndProject
Global
	GlobalSection(SolutionConfigurationPlatforms) = preSolution
		Debug|Any CPU = Debug|Any CPU
		Debug|x64 = Debug|x64
		Debug|x86 = Debug|x86
		Release|Any CPU = Release|Any CPU
		Release|x64 = Release|x64
		Release|x86 = Release|x86
	EndGlobalSection
	GlobalSection(SolutionProperties) = preSolution
		HideSolutionNode = FALSE
	EndGlobalSection
	GlobalSection(ProjectConfigurationPlatforms) = postSolution
		{A3733D0F-9AC9-4E05-9F4E-8299DE176DAA}.Debug|Any CPU.ActiveCfg = Debug|Any CPU
		{A3733D0F-9AC9-4E05-9F4E-8299DE176DAA}.Debug|Any CPU.Build.0 = Debug|Any CPU
		{A3733D0F-9AC9-4E05-9F4E-8299DE176DAA}.Debug|x64.ActiveCfg = Debug|Any CPU
		{A3733D0F-9AC9-4E05-9F4E-8299DE176DAA}.Debug|x64.Build.0 = Debug|Any CPU
		{A3733D0F-9AC9-4E05-9F4E-8299DE176DAA}.Debug|x86.ActiveCfg = Debug|Any CPU
		{A3733D0F-9AC9-4E05-9F4E-8299DE176DAA}.Debug|x86.Build.0 = Debug|Any CPU
		{A3733D0F-9AC9-4E05-9F4E-8299DE176DAA}.Release|Any CPU.ActiveCfg = Release|Any CPU
		{A3733D0F-9AC9-4E05-9F4E-8299DE176DAA}.Release|Any CPU.Build.0 = Release|Any CPU
		{A3733D0F-9AC9-4E05-9F4E-8299DE176DAA}.Release|x64.ActiveCfg = Release|Any CPU
		{A3733D0F-9AC9-4E05-9F4E-8299DE176DAA}.Release|x64.Build.0 = Release|Any CPU
		{A3733D0F-9AC9-4E05-9F4E-8299DE176DAA}.Release|x86.ActiveCfg = Release|Any CPU
		{A3733D0F-9AC9-4E05-9F4E-8299DE176DAA}.Release|x86.Build.0 = Release|Any CPU
		{5311CC63-6290-4864-9DAA-E1C0C96F6DFB}.Debug|Any CPU.ActiveCfg = Debug|Any CPU
		{5311CC63-6290-4864-9DAA-E1C0C96F6DFB}.Debug|Any CPU.Build.0 = Debug|Any CPU
		{5311CC63-6290-4864-9DAA-E1C0C96F6DFB}.Debug|x64.ActiveCfg = Debug|Any CPU
		{5311CC63-6290-4864-9DAA-E1C0C96F6DFB}.Debug|x64.Build.0 = Debug|Any CPU
		{5311CC63-6290-4864-9DAA-E1C0C96F6DFB}.Debug|x86.ActiveCfg = Debug|Any CPU
		{5311CC63-6290-4864-9DAA-E1C0C96F6DFB}.Debug|x86.Build.0 = Debug|Any CPU
		{5311CC63-6290-4864-9DAA-E1C0C96F6DFB}.Release|Any CPU.ActiveCfg = Release|Any CPU
		{5311CC63-6290-4864-9DAA-E1C0C96F6DFB}.Release|Any CPU.Build.0 = Release|Any CPU
		{5311CC63-6290-4864-9DAA-E1C0C96F6DFB}.Release|x64.ActiveCfg = Release|Any CPU
		{5311CC63-6290-4864-9DAA-E1C0C96F6DFB}.Release|x64.Build.0 = Release|Any CPU
		{5311CC63-6290-4864-9DAA-E1C0C96F6DFB}.Release|x86.ActiveCfg = Release|Any CPU
		{5311CC63-6290-4864-9DAA-E1C0C96F6DFB}.Release|x86.Build.0 = Release|Any CPU
	EndGlobalSection
EndGlobal
